version = 1
revision = 3
requires-python = ">=3.11"

[[package]]
name = "av"
version = "17.0.0"
source = { registry = "https://pypi.org/simple" }
sdist = { url = "https://files.pythonhosted.org/packages/b2/eb/abca886df3a091bc406feb5ff71b4c4f426beaae6b71b9697264ce8c7211/av-17.0.0.tar.gz", hash = "sha256:c53685df73775a8763c375c7b2d62a6cb149d992a26a4b098204da42ade8c3df", size = 4410769, upload-time = "2026-03-14T14:38:45.868Z" }
wheels = [
    { url = "https://files.pythonhosted.org/packages/b1/fb/55e3b5b5d1fc61466292f26fbcbabafa2642f378dc48875f8f554591e1a4/av-17.0.0-cp311-abi3-macosx_11_0_x86_64.whl", hash = "sha256:ed4013fac77c309a4a68141dcf6148f1821bb1073a36d4289379762a6372f711", size = 23238424, upload-time = "2026-03-14T14:38:05.856Z" },
    { url = "https://files.pythonhosted.org/packages/52/03/9ace1acc08bc9ae38c14bf3a4b1360e995e4d999d1d33c2cbd7c9e77582a/av-17.0.0-cp311-abi3-macosx_14_0_arm64.whl", hash = "sha256:e44b6c83e9f3be9f79ee87d0b77a27cea9a9cd67bd630362c86b7e56a748dfbb", size = 18709043, upload-time = "2026-03-14T14:38:08.288Z" },
    { url = "https://files.pythonhosted.org/packages/00/c0/637721f3cd5bb8bd16105a1a08efd781fc12f449931bdb3a4d0cfd63fa55/av-17.0.0-cp311-abi3-manylinux_2_28_aarch64.whl", hash = "sha256:b440da6ac47da0629d509316f24bcd858f33158dbdd0f1b7293d71e99beb26de", size = 34018780, upload-time = "2026-03-14T14:38:10.45Z" },
    { url = "https://files.pythonhosted.org/packages/d2/59/d19bc3257dd985d55337d7f0414c019414b97e16cd3690ebf9941a847543/av-17.0.0-cp311-abi3-manylinux_2_28_x86_64.whl", hash = "sha256:1060cba85f97f4a337311169d92c0b5e143452cfa5ca0e65fa499d7955e8592e", size = 36358757, upload-time = "2026-03-14T14:38:13.092Z" },
    { url = "https://files.pythonhosted.org/packages/52/6c/a1f4f2677bae6f2ade7a8a18e90ebdcf70690c9b1c4e40e118aa30fa313f/av-17.0.0-cp311-abi3-musllinux_1_2_aarch64.whl", hash = "sha256:deda202e6021cfc7ba3e816897760ec5431309d59a4da1f75df3c0e9413d71e7", size = 35195281, upload-time = "2026-03-14T14:38:15.789Z" },
    { url = "https://files.pythonhosted.org/packages/90/ea/52b0fc6f69432c7bf3f5fbe6f707113650aa40a1a05b9096ffc2bba4f77d/av-17.0.0-cp311-abi3-musllinux_1_2_x86_64.whl", hash = "sha256:ffaf266a1a9c2148072de0a4b5ae98061465178d2cfaa69ee089761149342974", size = 37444817, upload-time = "2026-03-14T14:38:18.563Z" },
    { url = "https://files.pythonhosted.org/packages/34/ad/d2172966282cb8f146c13b6be7416efefde74186460c5e1708ddfc13dba6/av-17.0.0-cp311-abi3-win_amd64.whl", hash = "sha256:45a35a40b2875bf2f98de7c952d74d960f92f319734e6d28e03b4c62a49e6f49", size = 28888553, upload-time = "2026-03-14T14:38:21.223Z" },
    { url = "https://files.pythonhosted.org/packages/b0/bb/c5a4c4172c514d631fb506e6366b503576b8c7f29809cf42aca73e28ff01/av-17.0.0-cp311-abi3-win_arm64.whl", hash = "sha256:3d32e9b5c5bbcb872a0b6917b352a1db8a42142237826c9b49a36d5dbd9e9c26", size = 21916910, upload-time = "2026-03-14T14:38:23.706Z" },
    { url = "https://files.pythonhosted.org/packages/7f/8e/c40ac08e63f79387c59f6ecc38f47d4c942b549130eee579ec1a91f6a291/av-17.0.0-cp314-cp314t-macosx_11_0_x86_64.whl", hash = "sha256:d13250fb4b4522e9a6bec32da082556d5f257110ea223758151375748d9bbe25", size = 23483029, upload-time = "2026-03-14T14:38:25.758Z" },
    { url = "https://files.pythonhosted.org/packages/a9/fb/b4419494bfc249163ec393c613966d66db7e95c76da3345711cd115a79df/av-17.0.0-cp314-cp314t-macosx_14_0_arm64.whl", hash = "sha256:dbb56aa3b7ae72451d1bf6e9d37c7d83d39b97af712f73583ff419fbf08fc237", size = 18920446, upload-time = "2026-03-14T14:38:27.905Z" },
    { url = "https://files.pythonhosted.org/packages/30/62/c2306d91602ddad2c56106f21dcb334fd51d5ea2e952f7fa025bb8aa39fc/av-17.0.0-cp314-cp314t-manylinux_2_28_aarch64.whl", hash = "sha256:a213ac9e83b7ab12c2e9f277a09cac8e9d85cf0883efdab7a87a60e2e4e48879", size = 37477266, upload-time = "2026-03-14T14:38:30.404Z" },
    { url = "https://files.pythonhosted.org/packages/28/cd/c8510a9607886785c0b3ca019d503e888c3757529be42a7287fe2bfa92d5/av-17.0.0-cp314-cp314t-manylinux_2_28_x86_64.whl", hash = "sha256:e15c88bb0921f9435bcc5a27a0863dba571a80ad5e1389c4fcf2073833bb4a74", size = 39572988, upload-time = "2026-03-14T14:38:32.984Z" },
    { url = "https://files.pythonhosted.org/packages/7d/2d/207d9361e25b5abec9be335bbab4df6b6b838e2214be4b374f4cfb285427/av-17.0.0-cp314-cp314t-musllinux_1_2_aarch64.whl", hash = "sha256:096cfd1e9fc896506726c7c42aaf9b370e78c2f257cde4d6ddb6c889bfcc49ec", size = 38399591, upload-time = "2026-03-14T14:38:35.465Z" },
    { url = "https://files.pythonhosted.org/packages/73/ca/307740c6aa2980966bf11383ffcb04bacc5b13f3d268ab4cfb274ad6f793/av-17.0.0-cp314-cp314t-musllinux_1_2_x86_64.whl", hash = "sha256:3649ab3d2c7f58049ded1a36e100c0d8fd529cf258f41dd88678ba824034d8c9", size = 40590681, upload-time = "2026-03-14T14:38:38.269Z" },
    { url = "https://files.pythonhosted.org/packages/35/f2/6fdb26d0651adf409864cb2a0d60da107e467d3d1aabc94b234ead54324a/av-17.0.0-cp314-cp314t-win_amd64.whl", hash = "sha256:e5002271ab2135b551d980c2db8f3299d452e3b9d3633f24f6bb57fffe91cd10", size = 29216337, upload-time = "2026-03-14T14:38:40.83Z" },
    { url = "https://files.pythonhosted.org/packages/41/0a/0896b829a39b5669a2d811e1a79598de661693685cd62b31f11d0c18e65b/av-17.0.0-cp314-cp314t-win_arm64.whl", hash = "sha256:dba98603fc4665b4f750de86fbaf6c0cfaece970671a9b529e0e3d1711e8367e", size = 22071058, upload-time = "2026-03-14T14:38:43.663Z" },
]

[[package]]
name = "colorama"
version = "0.4.6"
source = { registry = "https://pypi.org/simple" }
sdist = { url = "https://files.pythonhosted.org/packages/d8/53/6f443c9a4a8358a93a6792e2acffb9d9d5cb0a5cfd8802644b7b1c9a02e4/colorama-0.4.6.tar.gz", hash = "sha256:08695f5cb7ed6e0531a20572697297273c47b8cae5a63ffc6d6ed5c201be6e44", size = 27697, upload-time = "2022-10-25T02:36:22.414Z" }
wheels = [
    { url = "https://files.pythonhosted.org/packages/d1/d6/3965ed04c63042e047cb6a3e6ed1a63a35087b6a609aa3a15ed8ac56c221/colorama-0.4.6-py2.py3-none-any.whl", hash = "sha256:4f1d9991f5acc0ca119f9d443620b77f9d6b33703e51011c16baf57afb285fc6", size = 25335, upload-time = "2022-10-25T02:36:20.889Z" },
]

[[package]]
name = "flatbuffers"
version = "25.12.19"
source = { registry = "https://pypi.org/simple" }
wheels = [
    { url = "https://files.pythonhosted.org/packages/e8/2d/d2a548598be01649e2d46231d151a6c56d10b964d94043a335ae56ea2d92/flatbuffers-25.12.19-py2.py3-none-any.whl", hash = "sha256:7634f50c427838bb021c2d66a3d1168e9d199b0607e6329399f04846d42e20b4", size = 26661, upload-time = "2025-12-19T23:16:13.622Z" },
]

[[package]]
name = "iniconfig"
version = "2.3.0"
source = { registry = "https://pypi.org/simple" }
sdist = { url = "https://files.pythonhosted.org/packages/72/34/14ca021ce8e5dfedc35312d08ba8bf51fdd999c576889fc2c24cb97f4f10/iniconfig-2.3.0.tar.gz", hash = "sha256:c76315c77db068650d49c5b56314774a7804df16fee4402c1f19d6d15d8c4730", size = 20503, upload-time = "2025-10-18T21:55:43.219Z" }
wheels = [
    { url = "https://files.pythonhosted.org/packages/cb/b1/3846dd7f199d53cb17f49cba7e651e9ce294d8497c8c150530ed11865bb8/iniconfig-2.3.0-py3-none-any.whl", hash = "sha256:f631c04d2c48c52b84d0d0549c99ff3859c98df65b3101406327ecc7d53fbf12", size = 7484, upload-time = "2025-10-18T21:55:41.639Z" },
]

[[package]]
name = "moonshine-stt"
version = "0.1.0"
source = { editable = "." }
dependencies = [
    { name = "av" },
    { name = "numpy" },
    { name = "onnxruntime" },
]

[package.dev-dependencies]
dev = [
    { name = "pytest" },
]

[package.metadata]
requires-dist = [
    { name = "av" },
    { name = "numpy" },
    { name = "onnxruntime" },
]

[package.metadata.requires-dev]
dev = [{ name = "pytest", specifier = ">=9.0.2" }]

[[package]]
name = "mpmath"
version = "1.3.0"
source = { registry = "https://pypi.org/simple" }
sdist = { url = "https://files.pythonhosted.org/packages/e0/47/dd32fa426cc72114383ac549964eecb20ecfd886d1e5ccf5340b55b02f57/mpmath-1.3.0.tar.gz", hash = "sha256:7a28eb2a9774d00c7bc92411c19a89209d5da7c4c9a9e227be8330a23a25b91f", size = 508106, upload-time = "2023-03-07T16:47:11.061Z" }
wheels = [
    { url = "https://files.pythonhosted.org/packages/43/e3/7d92a15f894aa0c9c4b49b8ee9ac9850d6e63b03c9c32c0367a13ae62209/mpmath-1.3.0-py3-none-any.whl", hash = "sha256:a0b2b9fe80bbcd81a6647ff13108738cfb482d481d826cc0e02f5b35e5c88d2c", size = 536198, upload-time = "2023-03-07T16:47:09.197Z" },
]

[[package]]
name = "numpy"
version = "2.4.3"
source = { registry = "https://pypi.org/simple" }
sdist = { url = "https://files.pythonhosted.org/packages/10/8b/c265f4823726ab832de836cdd184d0986dcf94480f81e8739692a7ac7af2/numpy-2.4.3.tar.gz", hash = "sha256:483a201202b73495f00dbc83796c6ae63137a9bdade074f7648b3e32613412dd", size = 20727743, upload-time = "2026-03-09T07:58:53.426Z" }
wheels = [
    { url = "https://files.pythonhosted.org/packages/f9/51/5093a2df15c4dc19da3f79d1021e891f5dcf1d9d1db6ba38891d5590f3fe/numpy-2.4.3-cp311-cp311-macosx_10_9_x86_64.whl", hash = "sha256:33b3bf58ee84b172c067f56aeadc7ee9ab6de69c5e800ab5b10295d54c581adb", size = 16957183, upload-time = "2026-03-09T07:55:57.774Z" },
    { url = "https://files.pythonhosted.org/packages/b5/7c/c061f3de0630941073d2598dc271ac2f6cbcf5c83c74a5870fea07488333/numpy-2.4.3-cp311-cp311-macosx_11_0_arm64.whl", hash = "sha256:8ba7b51e71c05aa1f9bc3641463cd82308eab40ce0d5c7e1fd4038cbf9938147", size = 14968734, upload-time = "2026-03-09T07:56:00.494Z" },
    { url = "https://files.pythonhosted.org/packages/ef/27/d26c85cbcd86b26e4f125b0668e7a7c0542d19dd7d23ee12e87b550e95b5/numpy-2.4.3-cp311-cp311-macosx_14_0_arm64.whl", hash = "sha256:a1988292870c7cb9d0ebb4cc96b4d447513a9644801de54606dc7aabf2b7d920", size = 5475288, upload-time = "2026-03-09T07:56:02.857Z" },
    { url = "https://files.pythonhosted.org/packages/2b/09/3c4abbc1dcd8010bf1a611d174c7aa689fc505585ec806111b4406f6f1b1/numpy-2.4.3-cp311-cp311-macosx_14_0_x86_64.whl", hash = "sha256:23b46bb6d8ecb68b58c09944483c135ae5f0e9b8d8858ece5e4ead783771d2a9", size = 6805253, upload-time = "2026-03-09T07:56:04.53Z" },
    { url = "https://files.pythonhosted.org/packages/21/bc/e7aa3f6817e40c3f517d407742337cbb8e6fc4b83ce0b55ab780c829243b/numpy-2.4.3-cp311-cp311-manylinux_2_27_aarch64.manylinux_2_28_aarch64.whl", hash = "sha256:a016db5c5dba78fa8fe9f5d80d6708f9c42ab087a739803c0ac83a43d686a470", size = 15969479, upload-time = "2026-03-09T07:56:06.638Z" },
    { url = "https://files.pythonhosted.org/packages/78/51/9f5d7a41f0b51649ddf2f2320595e15e122a40610b233d51928dd6c92353/numpy-2.4.3-cp311-cp311-manylinux_2_27_x86_64.manylinux_2_28_x86_64.whl", hash = "sha256:715de7f82e192e8cae5a507a347d97ad17598f8e026152ca97233e3666daaa71", size = 16901035, upload-time = "2026-03-09T07:56:09.405Z" },
    { url = "https://files.pythonhosted.org/packages/64/6e/b221dd847d7181bc5ee4857bfb026182ef69499f9305eb1371cbb1aea626/numpy-2.4.3-cp311-cp311-musllinux_1_2_aarch64.whl", hash = "sha256:2ddb7919366ee468342b91dea2352824c25b55814a987847b6c52003a7c97f15", size = 17325657, upload-time = "2026-03-09T07:56:12.067Z" },
    { url = "https://files.pythonhosted.org/packages/eb/b8/8f3fd2da596e1063964b758b5e3c970aed1949a05200d7e3d46a9d46d643/numpy-2.4.3-cp311-cp311-musllinux_1_2_x86_64.whl", hash = "sha256:a315e5234d88067f2d97e1f2ef670a7569df445d55400f1e33d117418d008d52", size = 18635512, upload-time = "2026-03-09T07:56:14.629Z" },
    { url = "https://files.pythonhosted.org/packages/5c/24/2993b775c37e39d2f8ab4125b44337ab0b2ba106c100980b7c274a22bee7/numpy-2.4.3-cp311-cp311-win32.whl", hash = "sha256:2b3f8d2c4589b1a2028d2a770b0fc4d1f332fb5e01521f4de3199a896d158ddd", size = 6238100, upload-time = "2026-03-09T07:56:17.243Z" },
    { url = "https://files.pythonhosted.org/packages/76/1d/edccf27adedb754db7c4511d5eac8b83f004ae948fe2d3509e8b78097d4c/numpy-2.4.3-cp311-cp311-win_amd64.whl", hash = "sha256:77e76d932c49a75617c6d13464e41203cd410956614d0a0e999b25e9e8d27eec", size = 12609816, upload-time = "2026-03-09T07:56:19.089Z" },
    { url = "https://files.pythonhosted.org/packages/92/82/190b99153480076c8dce85f4cfe7d53ea84444145ffa54cb58dcd460d66b/numpy-2.4.3-cp311-cp311-win_arm64.whl", hash = "sha256:eb610595dd91560905c132c709412b512135a60f1851ccbd2c959e136431ff67", size = 10485757, upload-time = "2026-03-09T07:56:21.753Z" },
    { url = "https://files.pythonhosted.org/packages/a9/ed/6388632536f9788cea23a3a1b629f25b43eaacd7d7377e5d6bc7b9deb69b/numpy-2.4.3-cp312-cp312-macosx_10_13_x86_64.whl", hash = "sha256:61b0cbabbb6126c8df63b9a3a0c4b1f44ebca5e12ff6997b80fcf267fb3150ef", size = 16669628, upload-time = "2026-03-09T07:56:24.252Z" },
    { url = "https://files.pythonhosted.org/packages/74/1b/ee2abfc68e1ce728b2958b6ba831d65c62e1b13ce3017c13943f8f9b5b2e/numpy-2.4.3-cp312-cp312-macosx_11_0_arm64.whl", hash = "sha256:7395e69ff32526710748f92cd8c9849b361830968ea3e24a676f272653e8983e", size = 14696872, upload-time = "2026-03-09T07:56:26.991Z" },
    { url = "https://files.pythonhosted.org/packages/ba/d1/780400e915ff5638166f11ca9dc2c5815189f3d7cf6f8759a1685e586413/numpy-2.4.3-cp312-cp312-macosx_14_0_arm64.whl", hash = "sha256:abdce0f71dcb4a00e4e77f3faf05e4616ceccfe72ccaa07f47ee79cda3b7b0f4", size = 5203489, upload-time = "2026-03-09T07:56:29.414Z" },
    { url = "https://files.pythonhosted.org/packages/0b/bb/baffa907e9da4cc34a6e556d6d90e032f6d7a75ea47968ea92b4858826c4/numpy-2.4.3-cp312-cp312-macosx_14_0_x86_64.whl", hash = "sha256:48da3a4ee1336454b07497ff7ec83903efa5505792c4e6d9bf83d99dc07a1e18", size = 6550814, upload-time = "2026-03-09T07:56:32.225Z" },
    { url = "https://files.pythonhosted.org/packages/7b/12/8c9f0c6c95f76aeb20fc4a699c33e9f827fa0d0f857747c73bb7b17af945/numpy-2.4.3-cp312-cp312-manylinux_2_27_aarch64.manylinux_2_28_aarch64.whl", hash = "sha256:32e3bef222ad6b052280311d1d60db8e259e4947052c3ae7dd6817451fc8a4c5", size = 15666601, upload-time = "2026-03-09T07:56:34.461Z" },
    { url = "https://files.pythonhosted.org/packages/bd/79/cc665495e4d57d0aa6fbcc0aa57aa82671dfc78fbf95fe733ed86d98f52a/numpy-2.4.3-cp312-cp312-manylinux_2_27_x86_64.manylinux_2_28_x86_64.whl", hash = "sha256:e7dd01a46700b1967487141a66ac1a3cf0dd8ebf1f08db37d46389401512ca97", size = 16621358, upload-time = "2026-03-09T07:56:36.852Z" },
    { url = "https://files.pythonhosted.org/packages/a8/40/b4ecb7224af1065c3539f5ecfff879d090de09608ad1008f02c05c770cb3/numpy-2.4.3-cp312-cp312-musllinux_1_2_aarch64.whl", hash = "sha256:76f0f283506c28b12bba319c0fab98217e9f9b54e6160e9c79e9f7348ba32e9c", size = 17016135, upload-time = "2026-03-09T07:56:39.337Z" },
    { url = "https://files.pythonhosted.org/packages/f7/b1/6a88e888052eed951afed7a142dcdf3b149a030ca59b4c71eef085858e43/numpy-2.4.3-cp312-cp312-musllinux_1_2_x86_64.whl", hash = "sha256:737f630a337364665aba3b5a77e56a68cc42d350edd010c345d65a3efa3addcc", size = 18345816, upload-time = "2026-03-09T07:56:42.31Z" },
    { url = "https://files.pythonhosted.org/packages/f3/8f/103a60c5f8c3d7fc678c19cd7b2476110da689ccb80bc18050efbaeae183/numpy-2.4.3-cp312-cp312-win32.whl", hash = "sha256:26952e18d82a1dbbc2f008d402021baa8d6fc8e84347a2072a25e08b46d698b9", size = 5960132, upload-time = "2026-03-09T07:56:44.851Z" },
    { url = "https://files.pythonhosted.org/packages/d7/7c/f5ee1bf6ed888494978046a809df2882aad35d414b622893322df7286879/numpy-2.4.3-cp312-cp312-win_amd64.whl", hash = "sha256:65f3c2455188f09678355f5cae1f959a06b778bc66d535da07bf2ef20cd319d5", size = 12316144, upload-time = "2026-03-09T07:56:47.057Z" },
    { url = "https://files.pythonhosted.org/packages/71/46/8d1cb3f7a00f2fb6394140e7e6623696e54c6318a9d9691bb4904672cf42/numpy-2.4.3-cp312-cp312-win_arm64.whl", hash = "sha256:2abad5c7fef172b3377502bde47892439bae394a71bc329f31df0fd829b41a9e", size = 10220364, upload-time = "2026-03-09T07:56:49.849Z" },
    { url = "https://files.pythonhosted.org/packages/b6/d0/1fe47a98ce0df229238b77611340aff92d52691bcbc10583303181abf7fc/numpy-2.4.3-cp313-cp313-macosx_10_13_x86_64.whl", hash = "sha256:b346845443716c8e542d54112966383b448f4a3ba5c66409771b8c0889485dd3", size = 16665297, upload-time = "2026-03-09T07:56:52.296Z" },
    { url = "https://files.pythonhosted.org/packages/27/d9/4e7c3f0e68dfa91f21c6fb6cf839bc829ec920688b1ce7ec722b1a6202fb/numpy-2.4.3-cp313-cp313-macosx_11_0_arm64.whl", hash = "sha256:2629289168f4897a3c4e23dc98d6f1731f0fc0fe52fb9db19f974041e4cc12b9", size = 14691853, upload-time = "2026-03-09T07:56:54.992Z" },
    { url = "https://files.pythonhosted.org/packages/3a/66/bd096b13a87549683812b53ab211e6d413497f84e794fb3c39191948da97/numpy-2.4.3-cp313-cp313-macosx_14_0_arm64.whl", hash = "sha256:bb2e3cf95854233799013779216c57e153c1ee67a0bf92138acca0e429aefaee", size = 5198435, upload-time = "2026-03-09T07:56:57.184Z" },
    { url = "https://files.pythonhosted.org/packages/a2/2f/687722910b5a5601de2135c891108f51dfc873d8e43c8ed9f4ebb440b4a2/numpy-2.4.3-cp313-cp313-macosx_14_0_x86_64.whl", hash = "sha256:7f3408ff897f8ab07a07fbe2823d7aee6ff644c097cc1f90382511fe982f647f", size = 6546347, upload-time = "2026-03-09T07:56:59.531Z" },
    { url = "https://files.pythonhosted.org/packages/bf/ec/7971c4e98d86c564750393fab8d7d83d0a9432a9d78bb8a163a6dc59967a/numpy-2.4.3-cp313-cp313-manylinux_2_27_aarch64.manylinux_2_28_aarch64.whl", hash = "sha256:decb0eb8a53c3b009b0962378065589685d66b23467ef5dac16cbe818afde27f", size = 15664626, upload-time = "2026-03-09T07:57:01.385Z" },
    { url = "https://files.pythonhosted.org/packages/7e/eb/7daecbea84ec935b7fc732e18f532073064a3816f0932a40a17f3349185f/numpy-2.4.3-cp313-cp313-manylinux_2_27_x86_64.manylinux_2_28_x86_64.whl", hash = "sha256:d5f51900414fc9204a0e0da158ba2ac52b75656e7dce7e77fb9f84bfa343b4cc", size = 16608916, upload-time = "2026-03-09T07:57:04.008Z" },
    { url = "https://files.pythonhosted.org/packages/df/58/2a2b4a817ffd7472dca4421d9f0776898b364154e30c95f42195041dc03b/numpy-2.4.3-cp313-cp313-musllinux_1_2_aarch64.whl", hash = "sha256:6bd06731541f89cdc01b261ba2c9e037f1543df7472517836b78dfb15bd6e476", size = 17015824, upload-time = "2026-03-09T07:57:06.347Z" },
    { url = "https://files.pythonhosted.org/packages/4a/ca/627a828d44e78a418c55f82dd4caea8ea4a8ef24e5144d9e71016e52fb40/numpy-2.4.3-cp313-cp313-musllinux_1_2_x86_64.whl", hash = "sha256:22654fe6be0e5206f553a9250762c653d3698e46686eee53b399ab90da59bd92", size = 18334581, upload-time = "2026-03-09T07:57:09.114Z" },
    { url = "https://files.pythonhosted.org/packages/cd/c0/76f93962fc79955fcba30a429b62304332345f22d4daec1cb33653425643/numpy-2.4.3-cp313-cp313-win32.whl", hash = "sha256:d71e379452a2f670ccb689ec801b1218cd3983e253105d6e83780967e899d687", size = 5958618, upload-time = "2026-03-09T07:57:11.432Z" },
    { url = "https://files.pythonhosted.org/packages/b1/3c/88af0040119209b9b5cb59485fa48b76f372c73068dbf9254784b975ac53/numpy-2.4.3-cp313-cp313-win_amd64.whl", hash = "sha256:0a60e17a14d640f49146cb38e3f105f571318db7826d9b6fef7e4dce758faecd", size = 12312824, upload-time = "2026-03-09T07:57:13.586Z" },
    { url = "https://files.pythonhosted.org/packages/58/ce/3d07743aced3d173f877c3ef6a454c2174ba42b584ab0b7e6d99374f51ed/numpy-2.4.3-cp313-cp313-win_arm64.whl", hash = "sha256:c9619741e9da2059cd9c3f206110b97583c7152c1dc9f8aafd4beb450ac1c89d", size = 10221218, upload-time = "2026-03-09T07:57:16.183Z" },
    { url = "https://files.pythonhosted.org/packages/62/09/d96b02a91d09e9d97862f4fc8bfebf5400f567d8eb1fe4b0cc4795679c15/numpy-2.4.3-cp313-cp313t-macosx_11_0_arm64.whl", hash = "sha256:7aa4e54f6469300ebca1d9eb80acd5253cdfa36f2c03d79a35883687da430875", size = 14819570, upload-time = "2026-03-09T07:57:18.564Z" },
    { url = "https://files.pythonhosted.org/packages/b5/ca/0b1aba3905fdfa3373d523b2b15b19029f4f3031c87f4066bd9d20ef6c6b/numpy-2.4.3-cp313-cp313t-macosx_14_0_arm64.whl", hash = "sha256:d1b90d840b25874cf5cd20c219af10bac3667db3876d9a495609273ebe679070", size = 5326113, upload-time = "2026-03-09T07:57:21.052Z" },
    { url = "https://files.pythonhosted.org/packages/c0/63/406e0fd32fcaeb94180fd6a4c41e55736d676c54346b7efbce548b94a914/numpy-2.4.3-cp313-cp313t-macosx_14_0_x86_64.whl", hash = "sha256:a749547700de0a20a6718293396ec237bb38218049cfce788e08fcb716e8cf73", size = 6646370, upload-time = "2026-03-09T07:57:22.804Z" },
    { url = "https://files.pythonhosted.org/packages/b6/d0/10f7dc157d4b37af92720a196be6f54f889e90dcd30dce9dc657ed92c257/numpy-2.4.3-cp313-cp313t-manylinux_2_27_aarch64.manylinux_2_28_aarch64.whl", hash = "sha256:94f3c4a151a2e529adf49c1d54f0f57ff8f9b233ee4d44af623a81553ab86368", size = 15723499, upload-time = "2026-03-09T07:57:24.693Z" },
    { url = "https://files.pythonhosted.org/packages/66/f1/d1c2bf1161396629701bc284d958dc1efa3a5a542aab83cf11ee6eb4cba5/numpy-2.4.3-cp313-cp313t-manylinux_2_27_x86_64.manylinux_2_28_x86_64.whl", hash = "sha256:22c31dc07025123aedf7f2db9e91783df13f1776dc52c6b22c620870dc0fab22", size = 16657164, upload-time = "2026-03-09T07:57:27.676Z" },
    { url = "https://files.pythonhosted.org/packages/1a/be/cca19230b740af199ac47331a21c71e7a3d0ba59661350483c1600d28c37/numpy-2.4.3-cp313-cp313t-musllinux_1_2_aarch64.whl", hash = "sha256:148d59127ac95979d6f07e4d460f934ebdd6eed641db9c0db6c73026f2b2101a", size = 17081544, upload-time = "2026-03-09T07:57:30.664Z" },
    { url = "https://files.pythonhosted.org/packages/b9/c5/9602b0cbb703a0936fb40f8a95407e8171935b15846de2f0776e08af04c7/numpy-2.4.3-cp313-cp313t-musllinux_1_2_x86_64.whl", hash = "sha256:a97cbf7e905c435865c2d939af3d93f99d18eaaa3cabe4256f4304fb51604349", size = 18380290, upload-time = "2026-03-09T07:57:33.763Z" },
    { url = "https://files.pythonhosted.org/packages/ed/81/9f24708953cd30be9ee36ec4778f4b112b45165812f2ada4cc5ea1c1f254/numpy-2.4.3-cp313-cp313t-win32.whl", hash = "sha256:be3b8487d725a77acccc9924f65fd8bce9af7fac8c9820df1049424a2115af6c", size = 6082814, upload-time = "2026-03-09T07:57:36.491Z" },
    { url = "https://files.pythonhosted.org/packages/e2/9e/52f6eaa13e1a799f0ab79066c17f7016a4a8ae0c1aefa58c82b4dab690b4/numpy-2.4.3-cp313-cp313t-win_amd64.whl", hash = "sha256:1ec84fd7c8e652b0f4aaaf2e6e9cc8eaa9b1b80a537e06b2e3a2fb176eedcb26", size = 12452673, upload-time = "2026-03-09T07:57:38.281Z" },
    { url = "https://files.pythonhosted.org/packages/c4/04/b8cece6ead0b30c9fbd99bb835ad7ea0112ac5f39f069788c5558e3b1ab2/numpy-2.4.3-cp313-cp313t-win_arm64.whl", hash = "sha256:120df8c0a81ebbf5b9020c91439fccd85f5e018a927a39f624845be194a2be02", size = 10290907, upload-time = "2026-03-09T07:57:40.747Z" },
    { url = "https://files.pythonhosted.org/packages/70/ae/3936f79adebf8caf81bd7a599b90a561334a658be4dcc7b6329ebf4ee8de/numpy-2.4.3-cp314-cp314-macosx_10_15_x86_64.whl", hash = "sha256:5884ce5c7acfae1e4e1b6fde43797d10aa506074d25b531b4f54bde33c0c31d4", size = 16664563, upload-time = "2026-03-09T07:57:43.817Z" },
    { url = "https://files.pythonhosted.org/packages/9b/62/760f2b55866b496bb1fa7da2a6db076bef908110e568b02fcfc1422e2a3a/numpy-2.4.3-cp314-cp314-macosx_11_0_arm64.whl", hash = "sha256:297837823f5bc572c5f9379b0c9f3a3365f08492cbdc33bcc3af174372ebb168", size = 14702161, upload-time = "2026-03-09T07:57:46.169Z" },
    { url = "https://files.pythonhosted.org/packages/32/af/a7a39464e2c0a21526fb4fb76e346fb172ebc92f6d1c7a07c2c139cc17b1/numpy-2.4.3-cp314-cp314-macosx_14_0_arm64.whl", hash = "sha256:a111698b4a3f8dcbe54c64a7708f049355abd603e619013c346553c1fd4ca90b", size = 5208738, upload-time = "2026-03-09T07:57:48.506Z" },
    { url = "https://files.pythonhosted.org/packages/29/8c/2a0cf86a59558fa078d83805589c2de490f29ed4fb336c14313a161d358a/numpy-2.4.3-cp314-cp314-macosx_14_0_x86_64.whl", hash = "sha256:4bd4741a6a676770e0e97fe9ab2e51de01183df3dcbcec591d26d331a40de950", size = 6543618, upload-time = "2026-03-09T07:57:50.591Z" },
    { url = "https://files.pythonhosted.org/packages/aa/b8/612ce010c0728b1c363fa4ea3aa4c22fe1c5da1de008486f8c2f5cb92fae/numpy-2.4.3-cp314-cp314-manylinux_2_27_aarch64.manylinux_2_28_aarch64.whl", hash = "sha256:54f29b877279d51e210e0c80709ee14ccbbad647810e8f3d375561c45ef613dd", size = 15680676, upload-time = "2026-03-09T07:57:52.34Z" },
    { url = "https://files.pythonhosted.org/packages/a9/7e/4f120ecc54ba26ddf3dc348eeb9eb063f421de65c05fc961941798feea18/numpy-2.4.3-cp314-cp314-manylinux_2_27_x86_64.manylinux_2_28_x86_64.whl", hash = "sha256:679f2a834bae9020f81534671c56fd0cc76dd7e5182f57131478e23d0dc59e24", size = 16613492, upload-time = "2026-03-09T07:57:54.91Z" },
    { url = "https://files.pythonhosted.org/packages/2c/86/1b6020db73be330c4b45d5c6ee4295d59cfeef0e3ea323959d053e5a6909/numpy-2.4.3-cp314-cp314-musllinux_1_2_aarch64.whl", hash = "sha256:d84f0f881cb2225c2dfd7f78a10a5645d487a496c6668d6cc39f0f114164f3d0", size = 17031789, upload-time = "2026-03-09T07:57:57.641Z" },
    { url = "https://files.pythonhosted.org/packages/07/3a/3b90463bf41ebc21d1b7e06079f03070334374208c0f9a1f05e4ae8455e7/numpy-2.4.3-cp314-cp314-musllinux_1_2_x86_64.whl", hash = "sha256:d213c7e6e8d211888cc359bab7199670a00f5b82c0978b9d1c75baf1eddbeac0", size = 18339941, upload-time = "2026-03-09T07:58:00.577Z" },
    { url = "https://files.pythonhosted.org/packages/a8/74/6d736c4cd962259fd8bae9be27363eb4883a2f9069763747347544c2a487/numpy-2.4.3-cp314-cp314-win32.whl", hash = "sha256:52077feedeff7c76ed7c9f1a0428558e50825347b7545bbb8523da2cd55c547a", size = 6007503, upload-time = "2026-03-09T07:58:03.331Z" },
    { url = "https://files.pythonhosted.org/packages/48/39/c56ef87af669364356bb011922ef0734fc49dad51964568634c72a009488/numpy-2.4.3-cp314-cp314-win_amd64.whl", hash = "sha256:0448e7f9caefb34b4b7dd2b77f21e8906e5d6f0365ad525f9f4f530b13df2afc", size = 12444915, upload-time = "2026-03-09T07:58:06.353Z" },
    { url = "https://files.pythonhosted.org/packages/9d/1f/ab8528e38d295fd349310807496fabb7cf9fe2e1f70b97bc20a483ea9d4a/numpy-2.4.3-cp314-cp314-win_arm64.whl", hash = "sha256:b44fd60341c4d9783039598efadd03617fa28d041fc37d22b62d08f2027fa0e7", size = 10494875, upload-time = "2026-03-09T07:58:08.734Z" },
    { url = "https://files.pythonhosted.org/packages/e6/ef/b7c35e4d5ef141b836658ab21a66d1a573e15b335b1d111d31f26c8ef80f/numpy-2.4.3-cp314-cp314t-macosx_11_0_arm64.whl", hash = "sha256:0a195f4216be9305a73c0e91c9b026a35f2161237cf1c6de9b681637772ea657", size = 14822225, upload-time = "2026-03-09T07:58:11.034Z" },
    { url = "https://files.pythonhosted.org/packages/cd/8d/7730fa9278cf6648639946cc816e7cc89f0d891602584697923375f801ed/numpy-2.4.3-cp314-cp314t-macosx_14_0_arm64.whl", hash = "sha256:cd32fbacb9fd1bf041bf8e89e4576b6f00b895f06d00914820ae06a616bdfef7", size = 5328769, upload-time = "2026-03-09T07:58:13.67Z" },
    { url = "https://files.pythonhosted.org/packages/47/01/d2a137317c958b074d338807c1b6a383406cdf8b8e53b075d804cc3d211d/numpy-2.4.3-cp314-cp314t-macosx_14_0_x86_64.whl", hash = "sha256:2e03c05abaee1f672e9d67bc858f300b5ccba1c21397211e8d77d98350972093", size = 6649461, upload-time = "2026-03-09T07:58:15.912Z" },
    { url = "https://files.pythonhosted.org/packages/5c/34/812ce12bc0f00272a4b0ec0d713cd237cb390666eb6206323d1cc9cedbb2/numpy-2.4.3-cp314-cp314t-manylinux_2_27_aarch64.manylinux_2_28_aarch64.whl", hash = "sha256:7d1ce23cce91fcea443320a9d0ece9b9305d4368875bab09538f7a5b4131938a", size = 15725809, upload-time = "2026-03-09T07:58:17.787Z" },
    { url = "https://files.pythonhosted.org/packages/25/c0/2aed473a4823e905e765fee3dc2cbf504bd3e68ccb1150fbdabd5c39f527/numpy-2.4.3-cp314-cp314t-manylinux_2_27_x86_64.manylinux_2_28_x86_64.whl", hash = "sha256:c59020932feb24ed49ffd03704fbab89f22aa9c0d4b180ff45542fe8918f5611", size = 16655242, upload-time = "2026-03-09T07:58:20.476Z" },
    { url = "https://files.pythonhosted.org/packages/f2/c8/7e052b2fc87aa0e86de23f20e2c42bd261c624748aa8efd2c78f7bb8d8c6/numpy-2.4.3-cp314-cp314t-musllinux_1_2_aarch64.whl", hash = "sha256:9684823a78a6cd6ad7511fc5e25b07947d1d5b5e2812c93fe99d7d4195130720", size = 17080660, upload-time = "2026-03-09T07:58:23.067Z" },
    { url = "https://files.pythonhosted.org/packages/f3/3d/0876746044db2adcb11549f214d104f2e1be00f07a67edbb4e2812094847/numpy-2.4.3-cp314-cp314t-musllinux_1_2_x86_64.whl", hash = "sha256:0200b25c687033316fb39f0ff4e3e690e8957a2c3c8d22499891ec58c37a3eb5", size = 18380384, upload-time = "2026-03-09T07:58:25.839Z" },
    { url = "https://files.pythonhosted.org/packages/07/12/8160bea39da3335737b10308df4f484235fd297f556745f13092aa039d3b/numpy-2.4.3-cp314-cp314t-win32.whl", hash = "sha256:5e10da9e93247e554bb1d22f8edc51847ddd7dde52d85ce31024c1b4312bfba0", size = 6154547, upload-time = "2026-03-09T07:58:28.289Z" },
    { url = "https://files.pythonhosted.org/packages/42/f3/76534f61f80d74cc9cdf2e570d3d4eeb92c2280a27c39b0aaf471eda7b48/numpy-2.4.3-cp314-cp314t-win_amd64.whl", hash = "sha256:45f003dbdffb997a03da2d1d0cb41fbd24a87507fb41605c0420a3db5bd4667b", size = 12633645, upload-time = "2026-03-09T07:58:30.384Z" },
    { url = "https://files.pythonhosted.org/packages/1f/b6/7c0d4334c15983cec7f92a69e8ce9b1e6f31857e5ee3a413ac424e6bd63d/numpy-2.4.3-cp314-cp314t-win_arm64.whl", hash = "sha256:4d382735cecd7bcf090172489a525cd7d4087bc331f7df9f60ddc9a296cf208e", size = 10565454, upload-time = "2026-03-09T07:58:33.031Z" },
    { url = "https://files.pythonhosted.org/packages/64/e4/4dab9fb43c83719c29241c535d9e07be73bea4bc0c6686c5816d8e1b6689/numpy-2.4.3-pp311-pypy311_pp73-macosx_10_15_x86_64.whl", hash = "sha256:c6b124bfcafb9e8d3ed09130dbee44848c20b3e758b6bbf006e641778927c028", size = 16834892, upload-time = "2026-03-09T07:58:35.334Z" },
    { url = "https://files.pythonhosted.org/packages/c9/29/f8b6d4af90fed3dfda84ebc0df06c9833d38880c79ce954e5b661758aa31/numpy-2.4.3-pp311-pypy311_pp73-macosx_11_0_arm64.whl", hash = "sha256:76dbb9d4e43c16cf9aa711fcd8de1e2eeb27539dcefb60a1d5e9f12fae1d1ed8", size = 14893070, upload-time = "2026-03-09T07:58:37.7Z" },
    { url = "https://files.pythonhosted.org/packages/9a/04/a19b3c91dbec0a49269407f15d5753673a09832daed40c45e8150e6fa558/numpy-2.4.3-pp311-pypy311_pp73-macosx_14_0_arm64.whl", hash = "sha256:29363fbfa6f8ee855d7569c96ce524845e3d726d6c19b29eceec7dd555dab152", size = 5399609, upload-time = "2026-03-09T07:58:39.853Z" },
    { url = "https://files.pythonhosted.org/packages/79/34/4d73603f5420eab89ea8a67097b31364bf7c30f811d4dd84b1659c7476d9/numpy-2.4.3-pp311-pypy311_pp73-macosx_14_0_x86_64.whl", hash = "sha256:bc71942c789ef415a37f0d4eab90341425a00d538cd0642445d30b41023d3395", size = 6714355, upload-time = "2026-03-09T07:58:42.365Z" },
    { url = "https://files.pythonhosted.org/packages/58/ad/1100d7229bb248394939a12a8074d485b655e8ed44207d328fdd7fcebc7b/numpy-2.4.3-pp311-pypy311_pp73-manylinux_2_27_aarch64.manylinux_2_28_aarch64.whl", hash = "sha256:7e58765ad74dcebd3ef0208a5078fba32dc8ec3578fe84a604432950cd043d79", size = 15800434, upload-time = "2026-03-09T07:58:44.837Z" },
    { url = "https://files.pythonhosted.org/packages/0c/fd/16d710c085d28ba4feaf29ac60c936c9d662e390344f94a6beaa2ac9899b/numpy-2.4.3-pp311-pypy311_pp73-manylinux_2_27_x86_64.manylinux_2_28_x86_64.whl", hash = "sha256:8e236dbda4e1d319d681afcbb136c0c4a8e0f1a5c58ceec2adebb547357fe857", size = 16729409, upload-time = "2026-03-09T07:58:47.972Z" },
    { url = "https://files.pythonhosted.org/packages/57/a7/b35835e278c18b85206834b3aa3abe68e77a98769c59233d1f6300284781/numpy-2.4.3-pp311-pypy311_pp73-win_amd64.whl", hash = "sha256:4b42639cdde6d24e732ff823a3fa5b701d8acad89c4142bc1d0bd6dc85200ba5", size = 12504685, upload-time = "2026-03-09T07:58:50.525Z" },
]

[[package]]
name = "onnxruntime"
version = "1.24.4"
source = { registry = "https://pypi.org/simple" }
dependencies = [
    { name = "flatbuffers" },
    { name = "numpy" },
    { name = "packaging" },
    { name = "protobuf" },
    { name = "sympy" },
]
wheels = [
    { url = "https://files.pythonhosted.org/packages/60/69/6c40720201012c6af9aa7d4ecdd620e521bd806dc6269d636fdd5c5aeebe/onnxruntime-1.24.4-cp311-cp311-macosx_14_0_arm64.whl", hash = "sha256:0bdfce8e9a6497cec584aab407b71bf697dac5e1b7b7974adc50bf7533bdb3a2", size = 17332131, upload-time = "2026-03-17T22:05:49.005Z" },
    { url = "https://files.pythonhosted.org/packages/38/e9/8c901c150ce0c368da38638f44152fb411059c0c7364b497c9e5c957321a/onnxruntime-1.24.4-cp311-cp311-manylinux_2_27_aarch64.manylinux_2_28_aarch64.whl", hash = "sha256:046ff290045a387676941a02a8ae5c3ebec6b4f551ae228711968c4a69d8f6b7", size = 15152472, upload-time = "2026-03-17T22:03:26.176Z" },
    { url = "https://files.pythonhosted.org/packages/d5/b6/7a4df417cdd01e8f067a509e123ac8b31af450a719fa7ed81787dd6057ec/onnxruntime-1.24.4-cp311-cp311-manylinux_2_27_x86_64.manylinux_2_28_x86_64.whl", hash = "sha256:e54ad52e61d2d4618dcff8fa1480ac66b24ee2eab73331322db1049f11ccf330", size = 17222993, upload-time = "2026-03-17T22:04:34.485Z" },
    { url = "https://files.pythonhosted.org/packages/dd/59/8febe015f391aa1757fa5ba82c759ea4b6c14ef970132efb5e316665ba61/onnxruntime-1.24.4-cp311-cp311-win_amd64.whl", hash = "sha256:b43b63eb24a2bc8fc77a09be67587a570967a412cccb837b6245ccb546691153", size = 12594863, upload-time = "2026-03-17T22:05:38.749Z" },
    { url = "https://files.pythonhosted.org/packages/32/84/4155fcd362e8873eb6ce305acfeeadacd9e0e59415adac474bea3d9281bb/onnxruntime-1.24.4-cp311-cp311-win_arm64.whl", hash = "sha256:e26478356dba25631fb3f20112e345f8e8bf62c499bb497e8a559f7d69cf7e7b", size = 12259895, upload-time = "2026-03-17T22:05:28.812Z" },
    { url = "https://files.pythonhosted.org/packages/d7/38/31db1b232b4ba960065a90c1506ad7a56995cd8482033184e97fadca17cc/onnxruntime-1.24.4-cp312-cp312-macosx_14_0_arm64.whl", hash = "sha256:cad1c2b3f455c55678ab2a8caa51fb420c25e6e3cf10f4c23653cdabedc8de78", size = 17341875, upload-time = "2026-03-17T22:05:51.669Z" },
    { url = "https://files.pythonhosted.org/packages/aa/60/c4d1c8043eb42f8a9aa9e931c8c293d289c48ff463267130eca97d13357f/onnxruntime-1.24.4-cp312-cp312-manylinux_2_27_aarch64.manylinux_2_28_aarch64.whl", hash = "sha256:1a5c5a544b22f90859c88617ecb30e161ee3349fcc73878854f43d77f00558b5", size = 15172485, upload-time = "2026-03-17T22:03:32.182Z" },
    { url = "https://files.pythonhosted.org/packages/6d/ab/5b68110e0460d73fad814d5bd11c7b1ddcce5c37b10177eb264d6a36e331/onnxruntime-1.24.4-cp312-cp312-manylinux_2_27_x86_64.manylinux_2_28_x86_64.whl", hash = "sha256:0d640eb9f3782689b55cfa715094474cd5662f2f137be6a6f847a594b6e9705c", size = 17244912, upload-time = "2026-03-17T22:04:37.251Z" },
    { url = "https://files.pythonhosted.org/packages/8b/f4/6b89e297b93704345f0f3f8c62229bee323ef25682a3f9b4f89a39324950/onnxruntime-1.24.4-cp312-cp312-win_amd64.whl", hash = "sha256:535b29475ca42b593c45fbb2152fbf1cdf3f287315bf650e6a724a0a1d065cdb", size = 12596856, upload-time = "2026-03-17T22:05:41.224Z" },
    { url = "https://files.pythonhosted.org/packages/43/06/8b8ec6e9e6a474fcd5d772453f627ad4549dfe3ab8c0bf70af5afcde551b/onnxruntime-1.24.4-cp312-cp312-win_arm64.whl", hash = "sha256:e6214096e14b7b52e3bee1903dc12dc7ca09cb65e26664668a4620cc5e6f9a90", size = 12270275, upload-time = "2026-03-17T22:05:31.132Z" },
    { url = "https://files.pythonhosted.org/packages/e9/f0/8a21ec0a97e40abb7d8da1e8b20fb9e1af509cc6d191f6faa75f73622fb2/onnxruntime-1.24.4-cp313-cp313-macosx_14_0_arm64.whl", hash = "sha256:e99a48078baaefa2b50fe5836c319499f71f13f76ed32d0211f39109147a49e0", size = 17341922, upload-time = "2026-03-17T22:03:56.364Z" },
    { url = "https://files.pythonhosted.org/packages/8b/25/d7908de8e08cee9abfa15b8aa82349b79733ae5865162a3609c11598805d/onnxruntime-1.24.4-cp313-cp313-manylinux_2_27_aarch64.manylinux_2_28_aarch64.whl", hash = "sha256:dc4aaed1e5e1aaacf2343c838a30a7c3ade78f13eeb16817411f929d04040a13", size = 15172290, upload-time = "2026-03-17T22:03:37.124Z" },
    { url = "https://files.pythonhosted.org/packages/7f/72/105ec27a78c5aa0154a7c0cd8c41c19a97799c3b12fc30392928997e3be3/onnxruntime-1.24.4-cp313-cp313-manylinux_2_27_x86_64.manylinux_2_28_x86_64.whl", hash = "sha256:e30c972bc02e072911aabb6891453ec73795386c0af2b761b65444b8a4c4745f", size = 17244738, upload-time = "2026-03-17T22:04:40.625Z" },
    { url = "https://files.pythonhosted.org/packages/05/fb/a592736d968c2f58e12de4d52088dda8e0e724b26ad5c0487263adb45875/onnxruntime-1.24.4-cp313-cp313-win_amd64.whl", hash = "sha256:3b6ba8b0181a3aa88edab00eb01424ffc06f42e71095a91186c2249415fcff93", size = 12597435, upload-time = "2026-03-17T22:05:43.826Z" },
    { url = "https://files.pythonhosted.org/packages/ad/04/ae2479e9841b64bd2eb44f8a64756c62593f896514369a11243b1b86ca5c/onnxruntime-1.24.4-cp313-cp313-win_arm64.whl", hash = "sha256:71d6a5c1821d6e8586a024000ece458db8f2fc0ecd050435d45794827ce81e19", size = 12269852, upload-time = "2026-03-17T22:05:33.353Z" },
    { url = "https://files.pythonhosted.org/packages/b4/af/a479a536c4398ffaf49fbbe755f45d5b8726bdb4335ab31b537f3d7149b8/onnxruntime-1.24.4-cp313-cp313t-manylinux_2_27_aarch64.manylinux_2_28_aarch64.whl", hash = "sha256:1700f559c8086d06b2a4d5de51e62cb4ff5e2631822f71a36db8c72383db71ee", size = 15176861, upload-time = "2026-03-17T22:03:40.143Z" },
    { url = "https://files.pythonhosted.org/packages/be/13/19f5da70c346a76037da2c2851ecbf1266e61d7f0dcdb887c667210d4608/onnxruntime-1.24.4-cp313-cp313t-manylinux_2_27_x86_64.manylinux_2_28_x86_64.whl", hash = "sha256:4c74e268dc808e61e63784d43f9ddcdaf50a776c2819e8bd1d1b11ef64bf7e36", size = 17247454, upload-time = "2026-03-17T22:04:46.643Z" },
    { url = "https://files.pythonhosted.org/packages/89/db/b30dbbd6037847b205ab75d962bc349bf1e46d02a65b30d7047a6893ffd6/onnxruntime-1.24.4-cp314-cp314-macosx_14_0_arm64.whl", hash = "sha256:fbff2a248940e3398ae78374c5a839e49a2f39079b488bc64439fa0ec327a3e4", size = 17343300, upload-time = "2026-03-17T22:03:59.223Z" },
    { url = "https://files.pythonhosted.org/packages/61/88/1746c0e7959961475b84c776d35601a21d445f463c93b1433a409ec3e188/onnxruntime-1.24.4-cp314-cp314-manylinux_2_27_aarch64.manylinux_2_28_aarch64.whl", hash = "sha256:e2b7969e72d8cb53ffc88ab6d49dd5e75c1c663bda7be7eb0ece192f127343d1", size = 15175936, upload-time = "2026-03-17T22:03:43.671Z" },
    { url = "https://files.pythonhosted.org/packages/5f/ba/4699cde04a52cece66cbebc85bd8335a0d3b9ad485abc9a2e15946a1349d/onnxruntime-1.24.4-cp314-cp314-manylinux_2_27_x86_64.manylinux_2_28_x86_64.whl", hash = "sha256:14ed1f197fab812b695a5eaddb536c635e58a2fbbe50a517c78f082cc6ce9177", size = 17246432, upload-time = "2026-03-17T22:04:49.58Z" },
    { url = "https://files.pythonhosted.org/packages/ef/60/4590910841bb28bd3b4b388a9efbedf4e2d2cca99ddf0c863642b4e87814/onnxruntime-1.24.4-cp314-cp314-win_amd64.whl", hash = "sha256:311e309f573bf3c12aa5723e23823077f83d5e412a18499d4485c7eb41040858", size = 12903276, upload-time = "2026-03-17T22:05:46.349Z" },
    { url = "https://files.pythonhosted.org/packages/7f/6f/60e2c0acea1e1ac09b3e794b5a19c166eebf91c0b860b3e6db8e74983fda/onnxruntime-1.24.4-cp314-cp314-win_arm64.whl", hash = "sha256:3f0b910e86b759a4732663ec61fd57ac42ee1b0066f68299de164220b660546d", size = 12594365, upload-time = "2026-03-17T22:05:35.795Z" },
    { url = "https://files.pythonhosted.org/packages/cf/68/0c05d10f8f6c40fe0912ebec0d5a33884aaa2af2053507e864dab0883208/onnxruntime-1.24.4-cp314-cp314t-manylinux_2_27_aarch64.manylinux_2_28_aarch64.whl", hash = "sha256:aa12ddc54c9c4594073abcaa265cd9681e95fb89dae982a6f508a794ca42e661", size = 15176889, upload-time = "2026-03-17T22:03:48.021Z" },
    { url = "https://files.pythonhosted.org/packages/6c/1d/1666dc64e78d8587d168fec4e3b7922b92eb286a2ddeebcf6acb55c7dc82/onnxruntime-1.24.4-cp314-cp314t-manylinux_2_27_x86_64.manylinux_2_28_x86_64.whl", hash = "sha256:e1cc6a518255f012134bc791975a6294806be9a3b20c4a54cca25194c90cf731", size = 17247021, upload-time = "2026-03-17T22:04:52.377Z" },
]

[[package]]
name = "packaging"
version = "26.0"
source = { registry = "https://pypi.org/simple" }
sdist = { url = "https://files.pythonhosted.org/packages/65/ee/299d360cdc32edc7d2cf530f3accf79c4fca01e96ffc950d8a52213bd8e4/packaging-26.0.tar.gz", hash = "sha256:00243ae351a257117b6a241061796684b084ed1c516a08c48a3f7e147a9d80b4", size = 143416, upload-time = "2026-01-21T20:50:39.064Z" }
wheels = [
    { url = "https://files.pythonhosted.org/packages/b7/b9/c538f279a4e237a006a2c98387d081e9eb060d203d8ed34467cc0f0b9b53/packaging-26.0-py3-none-any.whl", hash = "sha256:b36f1fef9334a5588b4166f8bcd26a14e521f2b55e6b9de3aaa80d3ff7a37529", size = 74366, upload-time = "2026-01-21T20:50:37.788Z" },
]

[[package]]
name = "pluggy"
version = "1.6.0"
source = { registry = "https://pypi.org/simple" }
sdist = { url = "https://files.pythonhosted.org/packages/f9/e2/3e91f31a7d2b083fe6ef3fa267035b518369d9511ffab804f839851d2779/pluggy-1.6.0.tar.gz", hash = "sha256:7dcc130b76258d33b90f61b658791dede3486c3e6bfb003ee5c9bfb396dd22f3", size = 69412, upload-time = "2025-05-15T12:30:07.975Z" }
wheels = [
    { url = "https://files.pythonhosted.org/packages/54/20/4d324d65cc6d9205fabedc306948156824eb9f0ee1633355a8f7ec5c66bf/pluggy-1.6.0-py3-none-any.whl", hash = "sha256:e920276dd6813095e9377c0bc5566d94c932c33b27a3e3945d8389c374dd4746", size = 20538, upload-time = "2025-05-15T12:30:06.134Z" },
]

[[package]]
name = "protobuf"
version = "7.34.0"
source = { registry = "https://pypi.org/simple" }
sdist = { url = "https://files.pythonhosted.org/packages/f2/00/04a2ab36b70a52d0356852979e08b44edde0435f2115dc66e25f2100f3ab/protobuf-7.34.0.tar.gz", hash = "sha256:3871a3df67c710aaf7bb8d214cc997342e63ceebd940c8c7fc65c9b3d697591a", size = 454726, upload-time = "2026-02-27T00:30:25.421Z" }
wheels = [
    { url = "https://files.pythonhosted.org/packages/13/c4/6322ab5c8f279c4c358bc14eb8aefc0550b97222a39f04eb3c1af7a830fa/protobuf-7.34.0-cp310-abi3-macosx_10_9_universal2.whl", hash = "sha256:8e329966799f2c271d5e05e236459fe1cbfdb8755aaa3b0914fa60947ddea408", size = 429248, upload-time = "2026-02-27T00:30:14.924Z" },
    { url = "https://files.pythonhosted.org/packages/45/99/b029bbbc61e8937545da5b79aa405ab2d9cf307a728f8c9459ad60d7a481/protobuf-7.34.0-cp310-abi3-manylinux2014_aarch64.whl", hash = "sha256:9d7a5005fb96f3c1e64f397f91500b0eb371b28da81296ae73a6b08a5b76cdd6", size = 325753, upload-time = "2026-02-27T00:30:17.247Z" },
    { url = "https://files.pythonhosted.org/packages/cc/79/09f02671eb75b251c5550a1c48e7b3d4b0623efd7c95a15a50f6f9fc1e2e/protobuf-7.34.0-cp310-abi3-manylinux2014_s390x.whl", hash = "sha256:4a72a8ec94e7a9f7ef7fe818ed26d073305f347f8b3b5ba31e22f81fd85fca02", size = 340200, upload-time = "2026-02-27T00:30:18.672Z" },
    { url = "https://files.pythonhosted.org/packages/b5/57/89727baef7578897af5ed166735ceb315819f1c184da8c3441271dbcfde7/protobuf-7.34.0-cp310-abi3-manylinux2014_x86_64.whl", hash = "sha256:964cf977e07f479c0697964e83deda72bcbc75c3badab506fb061b352d991b01", size = 324268, upload-time = "2026-02-27T00:30:20.088Z" },
    { url = "https://files.pythonhosted.org/packages/1f/3e/38ff2ddee5cc946f575c9d8cc822e34bde205cf61acf8099ad88ef19d7d2/protobuf-7.34.0-cp310-abi3-win32.whl", hash = "sha256:f791ec509707a1d91bd02e07df157e75e4fb9fbdad12a81b7396201ec244e2e3", size = 426628, upload-time = "2026-02-27T00:30:21.555Z" },
    { url = "https://files.pythonhosted.org/packages/cb/71/7c32eaf34a61a1bae1b62a2ac4ffe09b8d1bb0cf93ad505f42040023db89/protobuf-7.34.0-cp310-abi3-win_amd64.whl", hash = "sha256:9f9079f1dde4e32342ecbd1c118d76367090d4aaa19da78230c38101c5b3dd40", size = 437901, upload-time = "2026-02-27T00:30:22.836Z" },
    { url = "https://files.pythonhosted.org/packages/a4/e7/14dc9366696dcb53a413449881743426ed289d687bcf3d5aee4726c32ebb/protobuf-7.34.0-py3-none-any.whl", hash = "sha256:e3b914dd77fa33fa06ab2baa97937746ab25695f389869afdf03e81f34e45dc7", size = 170716, upload-time = "2026-02-27T00:30:23.994Z" },
]

[[package]]
name = "pygments"
version = "2.19.2"
source = { registry = "https://pypi.org/simple" }
sdist = { url = "https://files.pythonhosted.org/packages/b0/77/a5b8c569bf593b0140bde72ea885a803b82086995367bf2037de0159d924/pygments-2.19.2.tar.gz", hash = "sha256:636cb2477cec7f8952536970bc533bc43743542f70392ae026374600add5b887", size = 4968631, upload-time = "2025-06-21T13:39:12.283Z" }
wheels = [
    { url = "https://files.pythonhosted.org/packages/c7/21/705964c7812476f378728bdf590ca4b771ec72385c533964653c68e86bdc/pygments-2.19.2-py3-none-any.whl", hash = "sha256:86540386c03d588bb81d44bc3928634ff26449851e99741617ecb9037ee5ec0b", size = 1225217, upload-time = "2025-06-21T13:39:07.939Z" },
]

[[package]]
name = "pytest"
version = "9.0.2"
source = { registry = "https://pypi.org/simple" }
dependencies = [
    { name = "colorama", marker = "sys_platform == 'win32'" },
    { name = "iniconfig" },
    { name = "packaging" },
    { name = "pluggy" },
    { name = "pygments" },
]
sdist = { url = "https://files.pythonhosted.org/packages/d1/db/7ef3487e0fb0049ddb5ce41d3a49c235bf9ad299b6a25d5780a89f19230f/pytest-9.0.2.tar.gz", hash = "sha256:75186651a92bd89611d1d9fc20f0b4345fd827c41ccd5c299a868a05d70edf11", size = 1568901, upload-time = "2025-12-06T21:30:51.014Z" }
wheels = [
    { url = "https://files.pythonhosted.org/packages/3b/ab/b3226f0bd7cdcf710fbede2b3548584366da3b19b5021e74f5bde2a8fa3f/pytest-9.0.2-py3-none-any.whl", hash = "sha256:711ffd45bf766d5264d487b917733b453d917afd2b0ad65223959f59089f875b", size = 374801, upload-time = "2025-12-06T21:30:49.154Z" },
]

[[package]]
name = "sympy"
version = "1.14.0"
source = { registry = "https://pypi.org/simple" }
dependencies = [
    { name = "mpmath" },
]
sdist = { url = "https://files.pythonhosted.org/packages/83/d3/803453b36afefb7c2bb238361cd4ae6125a569b4db67cd9e79846ba2d68c/sympy-1.14.0.tar.gz", hash = "sha256:d3d3fe8df1e5a0b42f0e7bdf50541697dbe7d23746e894990c030e2b05e72517", size = 7793921, upload-time = "2025-04-27T18:05:01.611Z" }
wheels = [
    { url = "https://files.pythonhosted.org/packages/a2/09/77d55d46fd61b4a135c444fc97158ef34a095e5681d0a6c10b75bf356191/sympy-1.14.0-py3-none-any.whl", hash = "sha256:e091cc3e99d2141a0ba2847328f5479b05d94a6635cb96148ccb3f34671bd8f5", size = 6299353, upload-time = "2025-04-27T18:04:59.103Z" },
]
